
Microsoft Visual Studio Solution File, Format Version 12.00
# Visual Studio Version 17
VisualStudioVersion = 17.3.32804.467
MinimumVisualStudioVersion = 10.0.40219.1
Project("{8BC9CEB8-8B4A-11D0-8D11-00A0C91BC942}") = "StaticDecoratorDesignPattern", "StaticDecoratorDesignPattern\StaticDecoratorDesignPattern.vcxproj", "{883CF1F5-84AE-4857-AB47-2800E21E3FA1}"
EndProject
Global
	GlobalSection(SolutionConfigurationPlatforms) = preSolution
		Debug|x64 = Debug|x64
		Debug|x86 = Debug|x86
		Release|x64 = Release|x64
		Release|x86 = Release|x86
	EndGlobalSection
	GlobalSection(ProjectConfigurationPlatforms) = postSolution
		{883CF1F5-84AE-4857-AB47-2800E21E3FA1}.Debug|x64.ActiveCfg = Debug|x64
		{883CF1F5-84AE-4857-AB47-2800E21E3FA1}.Debug|x64.Build.0 = Debug|x64
		{883CF1F5-84AE-4857-AB47-2800E21E3FA1}.Debug|x86.ActiveCfg = Debug|Win32
		{883CF1F5-84AE-4857-AB47-2800E21E3FA1}.Debug|x86.Build.0 = Debug|Win32
		{883CF1F5-84AE-4857-AB47-2800E21E3FA1}.Release|x64.ActiveCfg = Release|x64
		{883CF1F5-84AE-4857-AB47-2800E21E3FA1}.Release|x64.Build.0 = Release|x64
		{883CF1F5-84AE-4857-AB47-2800E21E3FA1}.Release|x86.ActiveCfg = Release|Win32
		{883CF1F5-84AE-4857-AB47-2800E21E3FA1}.Release|x86.Build.0 = Release|Win32
	EndGlobalSection
	GlobalSection(SolutionProperties) = preSolution
		HideSolutionNode = FALSE
	EndGlobalSection
	GlobalSection(ExtensibilityGlobals) = postSolution
		SolutionGuid = {E4AC9E3F-B35A-4E3D-B11E-9F3B6F893DBF}
	EndGlobalSection
EndGlobal
